
Microsoft Visual Studio Solution File, Format Version 12.00
# Visual Studio Version 16
VisualStudioVersion = 16.0.28803.156
MinimumVisualStudioVersion = 10.0.40219.1
Project("{FAE04EC0-301F-11D3-BF4B-00C04F79EFBC}") = "LaboraiApp01", "LaboraiApp01\LaboraiApp01.csproj", "{9828A9B4-FCE8-47DB-B40F-D8FA6DF37E57}"
EndProject
Global
	GlobalSection(SolutionConfigurationPlatforms) = preSolution
		Debug|Any CPU = Debug|Any CPU
		Release|Any CPU = Release|Any CPU
	EndGlobalSection
	GlobalSection(ProjectConfigurationPlatforms) = postSolution
		{9828A9B4-FCE8-47DB-B40F-D8FA6DF37E57}.Debug|Any CPU.ActiveCfg = Debug|Any CPU
		{9828A9B4-FCE8-47DB-B40F-D8FA6DF37E57}.Debug|Any CPU.Build.0 = Debug|Any CPU
		{9828A9B4-FCE8-47DB-B40F-D8FA6DF37E57}.Release|Any CPU.ActiveCfg = Release|Any CPU
		{9828A9B4-FCE8-47DB-B40F-D8FA6DF37E57}.Release|Any CPU.Build.0 = Release|Any CPU
	EndGlobalSection
	GlobalSection(SolutionProperties) = preSolution
		HideSolutionNode = FALSE
	EndGlobalSection
	GlobalSection(ExtensibilityGlobals) = postSolution
		SolutionGuid = {5C461F10-B762-4808-A126-0824363C0D2A}
	EndGlobalSection
EndGlobal
